// !$*UTF8*$!
{
	archiveVersion = 1;
	classes = {
	};
	objectVersion = 46;
	objects = {

/* Begin PBXBuildFile section */
		9C959CA5207601BC0054BE0F /* AppDelegate.swift in Sources */ = {isa = PBXBuildFile; fileRef = 9C959CA4207601BC0054BE0F /* AppDelegate.swift */; };
		9C959CA7207601BC0054BE0F /* ViewController.swift in Sources */ = {isa = PBXBuildFile; fileRef = 9C959CA6207601BC0054BE0F /* ViewController.swift */; };
		9C959CAA207601BD0054BE0F /* Main.storyboard in Resources */ = {isa = PBXBuildFile; fileRef = 9C959CA8207601BD0054BE0F /* Main.storyboard */; };
		9C959CAC207601BD0054BE0F /* Assets.xcassets in Resources */ = {isa = PBXBuildFile; fileRef = 9C959CAB207601BD0054BE0F /* Assets.xcassets */; };
		9C959CAF207601BD0054BE0F /* LaunchScreen.storyboard in Resources */ = {isa = PBXBuildFile; fileRef = 9C959CAD207601BD0054BE0F /* LaunchScreen.storyboard */; };
		9C959CBA207601BD0054BE0F /* WordListTests.swift in Sources */ = {isa = PBXBuildFile; fileRef = 9C959CB9207601BD0054BE0F /* WordListTests.swift */; };
/* End PBXBuildFile section */

/* Begin PBXContainerItemProxy section */
		9C959CB6207601BD0054BE0F /* PBXContainerItemProxy */ = {
			isa = PBXContainerItemProxy;
			containerPortal = 9C959C99207601BC0054BE0F /* Project object */;
			proxyType = 1;
			remoteGlobalIDString = 9C959CA0207601BC0054BE0F;
			remoteInfo = WordList;
		};
/* End PBXContainerItemProxy section */

/* Begin PBXFileReference section */
		9C959CA1207601BC0054BE0F /* WordList.app */ = {isa = PBXFileReference; explicitFileType = wrapper.application; includeInIndex = 0; path = WordList.app; sourceTree = BUILT_PRODUCTS_DIR; };
		9C959CA4207601BC0054BE0F /* AppDelegate.swift */ = {isa = PBXFileReference; lastKnownFileType = sourcecode.swift; path = AppDelegate.swift; sourceTree = "<group>"; };
		9C959CA6207601BC0054BE0F /* ViewController.swift */ = {isa = PBXFileReference; lastKnownFileType = sourcecode.swift; path = ViewController.swift; sourceTree = "<group>"; };
		9C959CA9207601BD0054BE0F /* Base */ = {isa = PBXFileReference; lastKnownFileType = file.storyboard; name = Base; path = Base.lproj/Main.storyboard; sourceTree = "<group>"; };
		9C959CAB207601BD0054BE0F /* Assets.xcassets */ = {isa = PBXFileReference; lastKnownFileType = folder.assetcatalog; path = Assets.xcassets; sourceTree = "<group>"; };
		9C959CAE207601BD0054BE0F /* Base */ = {isa = PBXFileReference; lastKnownFileType = file.storyboard; name = Base; path = Base.lproj/LaunchScreen.storyboard; sourceTree = "<group>"; };
		9C959CB0207601BD0054BE0F /* Info.plist */ = {isa = PBXFileReference; lastKnownFileType = text.plist.xml; path = Info.plist; sourceTree = "<group>"; };
		9C959CB5207601BD0054BE0F /* WordListTests.xctest */ = {isa = PBXFileReference; explicitFileType = wrapper.cfbundle; includeInIndex = 0; path = WordListTests.xctest; sourceTree = BUILT_PRODUCTS_DIR; };
		9C959CB9207601BD0054BE0F /* WordListTests.swift */ = {isa = PBXFileReference; lastKnownFileType = sourcecode.swift; path = WordListTests.swift; sourceTree = "<group>"; };
		9C959CBB207601BD0054BE0F /* Info.plist */ = {isa = PBXFileReference; lastKnownFileType = text.plist.xml; path = Info.plist; sourceTree = "<group>"; };
/* End PBXFileReference section */

/* Begin PBXFrameworksBuildPhase section */
		9C959C9E207601BC0054BE0F /* Frameworks */ = {
			isa = PBXFrameworksBuildPhase;
			buildActionMask = 2147483647;
			files = (
			);
			runOnlyForDeploymentPostprocessing = 0;
		};
		9C959CB2207601BD0054BE0F /* Frameworks */ = {
			isa = PBXFrameworksBuildPhase;
			buildActionMask = 2147483647;
			files = (
			);
			runOnlyForDeploymentPostprocessing = 0;
		};
/* End PBXFrameworksBuildPhase section */

/* Begin PBXGroup section */
		9C959C98207601BC0054BE0F = {
			isa = PBXGroup;
			children = (
				9C959CA3207601BC0054BE0F /* WordList */,
				9C959CB8207601BD0054BE0F /* WordListTests */,
				9C959CA2207601BC0054BE0F /* Products */,
			);
			sourceTree = "<group>";
		};
		9C959CA2207601BC0054BE0F /* Products */ = {
			isa = PBXGroup;
			children = (
				9C959CA1207601BC0054BE0F /* WordList.app */,
				9C959CB5207601BD0054BE0F /* WordListTests.xctest */,
			);
			name = Products;
			sourceTree = "<group>";
		};
		9C959CA3207601BC0054BE0F /* WordList */ = {
			isa = PBXGroup;
			children = (
				9C959CA4207601BC0054BE0F /* AppDelegate.swift */,
				9C959CA6207601BC0054BE0F /* ViewController.swift */,
				9C959CA8207601BD0054BE0F /* Main.storyboard */,
				9C959CAB207601BD0054BE0F /* Assets.xcassets */,
				9C959CAD207601BD0054BE0F /* LaunchScreen.storyboard */,
				9C959CB0207601BD0054BE0F /* Info.plist */,
			);
			path = WordList;
			sourceTree = "<group>";
		};
		9C959CB8207601BD0054BE0F /* WordListTests */ = {
			isa = PBXGroup;
			children = (
				9C959CB9207601BD0054BE0F /* WordListTests.swift */,
				9C959CBB207601BD0054BE0F /* Info.plist */,
			);
			path = WordListTests;
			sourceTree = "<group>";
		};
/* End PBXGroup section */

/* Begin PBXNativeTarget section */
		9C959CA0207601BC0054BE0F /* WordList */ = {
			isa = PBXNativeTarget;
			buildConfigurationList = 9C959CBE207601BD0054BE0F /* Build configuration list for PBXNativeTarget "WordList" */;
			buildPhases = (
				9C959C9D207601BC0054BE0F /* Sources */,
				9C959C9E207601BC0054BE0F /* Frameworks */,
				9C959C9F207601BC0054BE0F /* Resources */,
			);
			buildRules = (
			);
			dependencies = (
			);
			name = WordList;
			productName = WordList;
			productReference = 9C959CA1207601BC0054BE0F /* WordList.app */;
			productType = "com.apple.product-type.application";
		};
		9C959CB4207601BD0054BE0F /* WordListTests */ = {
			isa = PBXNativeTarget;
			buildConfigurationList = 9C959CC1207601BD0054BE0F /* Build configuration list for PBXNativeTarget "WordListTests" */;
			buildPhases = (
				9C959CB1207601BD0054BE0F /* Sources */,
				9C959CB2207601BD0054BE0F /* Frameworks */,
				9C959CB3207601BD0054BE0F /* Resources */,
			);
			buildRules = (
			);
			dependencies = (
				9C959CB7207601BD0054BE0F /* PBXTargetDependency */,
			);
			name = WordListTests;
			productName = WordListTests;
			productReference = 9C959CB5207601BD0054BE0F /* WordListTests.xctest */;
			productType = "com.apple.product-type.bundle.unit-test";
		};
/* End PBXNativeTarget section */

/* Begin PBXProject section */
		9C959C99207601BC0054BE0F /* Project object */ = {
			isa = PBXProject;
			attributes = {
				LastSwiftUpdateCheck = 0720;
				LastUpgradeCheck = 0720;
				ORGANIZATIONNAME = kszr;
				TargetAttributes = {
					9C959CA0207601BC0054BE0F = {
						CreatedOnToolsVersion = 7.2.1;
						DevelopmentTeam = ZM493F3K23;
					};
					9C959CB4207601BD0054BE0F = {
						CreatedOnToolsVersion = 7.2.1;
						TestTargetID = 9C959CA0207601BC0054BE0F;
					};
				};
			};
			buildConfigurationList = 9C959C9C207601BC0054BE0F /* Build configuration list for PBXProject "WordList" */;
			compatibilityVersion = "Xcode 3.2";
			developmentRegion = English;
			hasScannedForEncodings = 0;
			knownRegions = (
				en,
				Base,
			);
			mainGroup = 9C959C98207601BC0054BE0F;
			productRefGroup = 9C959CA2207601BC0054BE0F /* Products */;
			projectDirPath = "";
			projectRoot = "";
			targets = (
				9C959CA0207601BC0054BE0F /* WordList */,
				9C959CB4207601BD0054BE0F /* WordListTests */,
			);
		};
/* End PBXProject section */

/* Begin PBXResourcesBuildPhase section */
		9C959C9F207601BC0054BE0F /* Resources */ = {
			isa = PBXResourcesBuildPhase;
			buildActionMask = 2147483647;
			files = (
				9C959CAF207601BD0054BE0F /* LaunchScreen.storyboard in Resources */,
				9C959CAC207601BD0054BE0F /* Assets.xcassets in Resources */,
				9C959CAA207601BD0054BE0F /* Main.storyboard in Resources */,
			);
			runOnlyForDeploymentPostprocessing = 0;
		};
		9C959CB3207601BD0054BE0F /* Resources */ = {
			isa = PBXResourcesBuildPhase;
			buildActionMask = 2147483647;
			files = (
			);
			runOnlyForDeploymentPostprocessing = 0;
		};
/* End PBXResourcesBuildPhase section */

/* Begin PBXSourcesBuildPhase section */
		9C959C9D207601BC0054BE0F /* Sources */ = {
			isa = PBXSourcesBuildPhase;
			buildActionMask = 2147483647;
			files = (
				9C959CA7207601BC0054BE0F /* ViewController.swift in Sources */,
				9C959CA5207601BC0054BE0F /* AppDelegate.swift in Sources */,
			);
			runOnlyForDeploymentPostprocessing = 0;
		};
		9C959CB1207601BD0054BE0F /* Sources */ = {
			isa = PBXSourcesBuildPhase;
			buildActionMask = 2147483647;
			files = (
				9C959CBA207601BD0054BE0F /* WordListTests.swift in Sources */,
			);
			runOnlyForDeploymentPostprocessing = 0;
		};
/* End PBXSourcesBuildPhase section */

/* Begin PBXTargetDependency section */
		9C959CB7207601BD0054BE0F /* PBXTargetDependency */ = {
			isa = PBXTargetDependency;
			target = 9C959CA0207601BC0054BE0F /* WordList */;
			targetProxy = 9C959CB6207601BD0054BE0F /* PBXContainerItemProxy */;
		};
/* End PBXTargetDependency section */

/* Begin PBXVariantGroup section */
		9C959CA8207601BD0054BE0F /* Main.storyboard */ = {
			isa = PBXVariantGroup;
			children = (
				9C959CA9207601BD0054BE0F /* Base */,
			);
			name = Main.storyboard;
			sourceTree = "<group>";
		};
		9C959CAD207601BD0054BE0F /* LaunchScreen.storyboard */ = {
			isa = PBXVariantGroup;
			children = (
				9C959CAE207601BD0054BE0F /* Base */,
			);
			name = LaunchScreen.storyboard;
			sourceTree = "<group>";
		};
/* End PBXVariantGroup section */

/* Begin XCBuildConfiguration section */
		9C959CBC207601BD0054BE0F /* Debug */ = {
			isa = XCBuildConfiguration;
			buildSettings = {
				ALWAYS_SEARCH_USER_PATHS = NO;
				CLANG_CXX_LANGUAGE_STANDARD = "gnu++0x";
				CLANG_CXX_LIBRARY = "libc++";
				CLANG_ENABLE_MODULES = YES;
				CLANG_ENABLE_OBJC_ARC = YES;
				CLANG_WARN_BOOL_CONVERSION = YES;
				CLANG_WARN_CONSTANT_CONVERSION = YES;
				CLANG_WARN_DIRECT_OBJC_ISA_USAGE = YES_ERROR;
				CLANG_WARN_EMPTY_BODY = YES;
				CLANG_WARN_ENUM_CONVERSION = YES;
				CLANG_WARN_INT_CONVERSION = YES;
				CLANG_WARN_OBJC_ROOT_CLASS = YES_ERROR;
				CLANG_WARN_UNREACHABLE_CODE = YES;
				CLANG_WARN__DUPLICATE_METHOD_MATCH = YES;
				"CODE_SIGN_IDENTITY[sdk=iphoneos*]" = "iPhone Developer";
				COPY_PHASE_STRIP = NO;
				DEBUG_INFORMATION_FORMAT = dwarf;
				ENABLE_STRICT_OBJC_MSGSEND = YES;
				ENABLE_TESTABILITY = YES;
				GCC_C_LANGUAGE_STANDARD = gnu99;
				GCC_DYNAMIC_NO_PIC = NO;
				GCC_NO_COMMON_BLOCKS = YES;
				GCC_OPTIMIZATION_LEVEL = 0;
				GCC_PREPROCESSOR_DEFINITIONS = (
					"DEBUG=1",
					"$(inherited)",
				);
				GCC_WARN_64_TO_32_BIT_CONVERSION = YES;
				GCC_WARN_ABOUT_RETURN_TYPE = YES_ERROR;
				GCC_WARN_UNDECLARED_SELECTOR = YES;
				GCC_WARN_UNINITIALIZED_AUTOS = YES_AGGRESSIVE;
				GCC_WARN_UNUSED_FUNCTION = YES;
				GCC_WARN_UNUSED_VARIABLE = YES;
				IPHONEOS_DEPLOYMENT_TARGET = 9.2;
				MTL_ENABLE_DEBUG_INFO = YES;
				ONLY_ACTIVE_ARCH = YES;
				SDKROOT = iphoneos;
				SWIFT_OPTIMIZATION_LEVEL = "-Onone";
				TARGETED_DEVICE_FAMILY = "1,2";
			};
			name = Debug;
		};
		9C959CBD207601BD0054BE0F /* Release */ = {
			isa = XCBuildConfiguration;
			buildSettings = {
				ALWAYS_SEARCH_USER_PATHS = NO;
				CLANG_CXX_LANGUAGE_STANDARD = "gnu++0x";
				CLANG_CXX_LIBRARY = "libc++";
				CLANG_ENABLE_MODULES = YES;
				CLANG_ENABLE_OBJC_ARC = YES;
				CLANG_WARN_BOOL_CONVERSION = YES;
				CLANG_WARN_CONSTANT_CONVERSION = YES;
				CLANG_WARN_DIRECT_OBJC_ISA_USAGE = YES_ERROR;
				CLANG_WARN_EMPTY_BODY = YES;
				CLANG_WARN_ENUM_CONVERSION = YES;
				CLANG_WARN_INT_CONVERSION = YES;
				CLANG_WARN_OBJC_ROOT_CLASS = YES_ERROR;
				CLANG_WARN_UNREACHABLE_CODE = YES;
				CLANG_WARN__DUPLICATE_METHOD_MATCH = YES;
				"CODE_SIGN_IDENTITY[sdk=iphoneos*]" = "iPhone Developer";
				COPY_PHASE_STRIP = NO;
				DEBUG_INFORMATION_FORMAT = "dwarf-with-dsym";
				ENABLE_NS_ASSERTIONS = NO;
				ENABLE_STRICT_OBJC_MSGSEND = YES;
				GCC_C_LANGUAGE_STANDARD = gnu99;
				GCC_NO_COMMON_BLOCKS = YES;
				GCC_WARN_64_TO_32_BIT_CONVERSION = YES;
				GCC_WARN_ABOUT_RETURN_TYPE = YES_ERROR;
				GCC_WARN_UNDECLARED_SELECTOR = YES;
				GCC_WARN_UNINITIALIZED_AUTOS = YES_AGGRESSIVE;
				GCC_WARN_UNUSED_FUNCTION = YES;
				GCC_WARN_UNUSED_VARIABLE = YES;
				IPHONEOS_DEPLOYMENT_TARGET = 9.2;
				MTL_ENABLE_DEBUG_INFO = NO;
				SDKROOT = iphoneos;
				TARGETED_DEVICE_FAMILY = "1,2";
				VALIDATE_PRODUCT = YES;
			};
			name = Release;
		};
		9C959CBF207601BD0054BE0F /* Debug */ = {
			isa = XCBuildConfiguration;
			buildSettings = {
				ASSETCATALOG_COMPILER_APPICON_NAME = AppIcon;
				CODE_SIGN_IDENTITY = "iPhone Developer";
				"CODE_SIGN_IDENTITY[sdk=iphoneos*]" = "iPhone Developer";
				INFOPLIST_FILE = WordList/Info.plist;
				LD_RUNPATH_SEARCH_PATHS = "$(inherited) @executable_path/Frameworks";
				PRODUCT_BUNDLE_IDENTIFIER = com.kszr.WordList;
				PRODUCT_NAME = "$(TARGET_NAME)";
				PROVISIONING_PROFILE = "";
			};
			name = Debug;
		};
		9C959CC0207601BD0054BE0F /* Release */ = {
			isa = XCBuildConfiguration;
			buildSettings = {
				ASSETCATALOG_COMPILER_APPICON_NAME = AppIcon;
				CODE_SIGN_IDENTITY = "iPhone Developer";
				"CODE_SIGN_IDENTITY[sdk=iphoneos*]" = "iPhone Developer";
				INFOPLIST_FILE = WordList/Info.plist;
				LD_RUNPATH_SEARCH_PATHS = "$(inherited) @executable_path/Frameworks";
				PRODUCT_BUNDLE_IDENTIFIER = com.kszr.WordList;
				PRODUCT_NAME = "$(TARGET_NAME)";
				PROVISIONING_PROFILE = "";
			};
			name = Release;
		};
		9C959CC2207601BD0054BE0F /* Debug */ = {
			isa = XCBuildConfiguration;
			buildSettings = {
				BUNDLE_LOADER = "$(TEST_HOST)";
				INFOPLIST_FILE = WordListTests/Info.plist;
				LD_RUNPATH_SEARCH_PATHS = "$(inherited) @executable_path/Frameworks @loader_path/Frameworks";
				PRODUCT_BUNDLE_IDENTIFIER = com.kszr.WordListTests;
				PRODUCT_NAME = "$(TARGET_NAME)";
				TEST_HOST = "$(BUILT_PRODUCTS_DIR)/WordList.app/WordList";
			};
			name = Debug;
		};
		9C959CC3207601BD0054BE0F /* Release */ = {
			isa = XCBuildConfiguration;
			buildSettings = {
				BUNDLE_LOADER = "$(TEST_HOST)";
				INFOPLIST_FILE = WordListTests/Info.plist;
				LD_RUNPATH_SEARCH_PATHS = "$(inherited) @executable_path/Frameworks @loader_path/Frameworks";
				PRODUCT_BUNDLE_IDENTIFIER = com.kszr.WordListTests;
				PRODUCT_NAME = "$(TARGET_NAME)";
				TEST_HOST = "$(BUILT_PRODUCTS_DIR)/WordList.app/WordList";
			};
			name = Release;
		};
/* End XCBuildConfiguration section */

/* Begin XCConfigurationList section */
		9C959C9C207601BC0054BE0F /* Build configuration list for PBXProject "WordList" */ = {
			isa = XCConfigurationList;
			buildConfigurations = (
				9C959CBC207601BD0054BE0F /* Debug */,
				9C959CBD207601BD0054BE0F /* Release */,
			);
			defaultConfigurationIsVisible = 0;
			defaultConfigurationName = Release;
		};
		9C959CBE207601BD0054BE0F /* Build configuration list for PBXNativeTarget "WordList" */ = {
			isa = XCConfigurationList;
			buildConfigurations = (
				9C959CBF207601BD0054BE0F /* Debug */,
				9C959CC0207601BD0054BE0F /* Release */,
			);
			defaultConfigurationIsVisible = 0;
		};
		9C959CC1207601BD0054BE0F /* Build configuration list for PBXNativeTarget "WordListTests" */ = {
			isa = XCConfigurationList;
			buildConfigurations = (
				9C959CC2207601BD0054BE0F /* Debug */,
				9C959CC3207601BD0054BE0F /* Release */,
			);
			defaultConfigurationIsVisible = 0;
		};
/* End XCConfigurationList section */
	};
	rootObject = 9C959C99207601BC0054BE0F /* Project object */;
}
